{
  "version": "4",
  "specifiers": {
    "npm:@deno/vite-plugin@^1.0.4": "1.0.4_vite@6.2.2",
    "npm:@mantine/core@^7.17.2": "7.17.2_@mantine+hooks@7.17.2__react@19.0.0_react@19.0.0_react-dom@19.0.0__react@19.0.0_@types+react@19.0.10",
    "npm:@mantine/dates@^7.17.2": "7.17.2_@mantine+core@7.17.2__@mantine+hooks@7.17.2___react@19.0.0__react@19.0.0__react-dom@19.0.0___react@19.0.0__@types+react@19.0.10_@mantine+hooks@7.17.2__react@19.0.0_dayjs@1.11.13_react@19.0.0_react-dom@19.0.0__react@19.0.0_@types+react@19.0.10",
    "npm:@mantine/form@^7.17.2": "7.17.2_react@19.0.0",
    "npm:@tabler/icons-react@^3.31.0": "3.31.0_react@19.0.0",
    "npm:@types/node@*": "22.12.0",
    "npm:@types/react-dom@^19.0.4": "19.0.4_@types+react@19.0.10",
    "npm:@types/react@^19.0.10": "19.0.10",
    "npm:@vitejs/plugin-react-swc@^3.8.0": "3.8.0_vite@6.2.2",
    "npm:dayjs@^1.11.13": "1.11.13",
    "npm:react-dom@19": "19.0.0_react@19.0.0",
    "npm:react-router-dom@^7.3.0": "7.3.0_react@19.0.0_react-dom@19.0.0__react@19.0.0",
    "npm:react-router@^7.3.0": "7.3.0_react@19.0.0_react-dom@19.0.0__react@19.0.0",
    "npm:react@19": "19.0.0",
    "npm:vite@*": "6.2.2",
    "npm:vite@^6.1.1": "6.2.2"
  },
  "npm": {
    "@babel/runtime@7.26.10": {
      "integrity": "sha512-2WJMeRQPHKSPemqk/awGrAiuFfzBmOIPXKizAsVhWH9YJqLZ0H+HS4c8loHGgW6utJ3E/ejXQUsiGaQy2NZ9Fw==",
      "dependencies": [
        "regenerator-runtime"
      ]
    },
    "@deno/vite-plugin@1.0.4_vite@6.2.2": {
      "integrity": "sha512-xg8YT8Wn2sGXSnJgiGTpBGX1Dov0c6fd1rAp8VsfrCUtyBRRWzwVMAnd3fQ4yq8h7LSVvJUxEFN4U421k/DQLA==",
      "dependencies": [
        "vite"
      ]
    },
    "@esbuild/aix-ppc64@0.25.1": {
      "integrity": "sha512-kfYGy8IdzTGy+z0vFGvExZtxkFlA4zAxgKEahG9KE1ScBjpQnFsNOX8KTU5ojNru5ed5CVoJYXFtoxaq5nFbjQ=="
    },
    "@esbuild/android-arm64@0.25.1": {
      "integrity": "sha512-50tM0zCJW5kGqgG7fQ7IHvQOcAn9TKiVRuQ/lN0xR+T2lzEFvAi1ZcS8DiksFcEpf1t/GYOeOfCAgDHFpkiSmA=="
    },
    "@esbuild/android-arm@0.25.1": {
      "integrity": "sha512-dp+MshLYux6j/JjdqVLnMglQlFu+MuVeNrmT5nk6q07wNhCdSnB7QZj+7G8VMUGh1q+vj2Bq8kRsuyA00I/k+Q=="
    },
    "@esbuild/android-x64@0.25.1": {
      "integrity": "sha512-GCj6WfUtNldqUzYkN/ITtlhwQqGWu9S45vUXs7EIYf+7rCiiqH9bCloatO9VhxsL0Pji+PF4Lz2XXCES+Q8hDw=="
    },
    "@esbuild/darwin-arm64@0.25.1": {
      "integrity": "sha512-5hEZKPf+nQjYoSr/elb62U19/l1mZDdqidGfmFutVUjjUZrOazAtwK+Kr+3y0C/oeJfLlxo9fXb1w7L+P7E4FQ=="
    },
    "@esbuild/darwin-x64@0.25.1": {
      "integrity": "sha512-hxVnwL2Dqs3fM1IWq8Iezh0cX7ZGdVhbTfnOy5uURtao5OIVCEyj9xIzemDi7sRvKsuSdtCAhMKarxqtlyVyfA=="
    },
    "@esbuild/freebsd-arm64@0.25.1": {
      "integrity": "sha512-1MrCZs0fZa2g8E+FUo2ipw6jw5qqQiH+tERoS5fAfKnRx6NXH31tXBKI3VpmLijLH6yriMZsxJtaXUyFt/8Y4A=="
    },
    "@esbuild/freebsd-x64@0.25.1": {
      "integrity": "sha512-0IZWLiTyz7nm0xuIs0q1Y3QWJC52R8aSXxe40VUxm6BB1RNmkODtW6LHvWRrGiICulcX7ZvyH6h5fqdLu4gkww=="
    },
    "@esbuild/linux-arm64@0.25.1": {
      "integrity": "sha512-jaN3dHi0/DDPelk0nLcXRm1q7DNJpjXy7yWaWvbfkPvI+7XNSc/lDOnCLN7gzsyzgu6qSAmgSvP9oXAhP973uQ=="
    },
    "@esbuild/linux-arm@0.25.1": {
      "integrity": "sha512-NdKOhS4u7JhDKw9G3cY6sWqFcnLITn6SqivVArbzIaf3cemShqfLGHYMx8Xlm/lBit3/5d7kXvriTUGa5YViuQ=="
    },
    "@esbuild/linux-ia32@0.25.1": {
      "integrity": "sha512-OJykPaF4v8JidKNGz8c/q1lBO44sQNUQtq1KktJXdBLn1hPod5rE/Hko5ugKKZd+D2+o1a9MFGUEIUwO2YfgkQ=="
    },
    "@esbuild/linux-loong64@0.25.1": {
      "integrity": "sha512-nGfornQj4dzcq5Vp835oM/o21UMlXzn79KobKlcs3Wz9smwiifknLy4xDCLUU0BWp7b/houtdrgUz7nOGnfIYg=="
    },
    "@esbuild/linux-mips64el@0.25.1": {
      "integrity": "sha512-1osBbPEFYwIE5IVB/0g2X6i1qInZa1aIoj1TdL4AaAb55xIIgbg8Doq6a5BzYWgr+tEcDzYH67XVnTmUzL+nXg=="
    },
    "@esbuild/linux-ppc64@0.25.1": {
      "integrity": "sha512-/6VBJOwUf3TdTvJZ82qF3tbLuWsscd7/1w+D9LH0W/SqUgM5/JJD0lrJ1fVIfZsqB6RFmLCe0Xz3fmZc3WtyVg=="
    },
    "@esbuild/linux-riscv64@0.25.1": {
      "integrity": "sha512-nSut/Mx5gnilhcq2yIMLMe3Wl4FK5wx/o0QuuCLMtmJn+WeWYoEGDN1ipcN72g1WHsnIbxGXd4i/MF0gTcuAjQ=="
    },
    "@esbuild/linux-s390x@0.25.1": {
      "integrity": "sha512-cEECeLlJNfT8kZHqLarDBQso9a27o2Zd2AQ8USAEoGtejOrCYHNtKP8XQhMDJMtthdF4GBmjR2au3x1udADQQQ=="
    },
    "@esbuild/linux-x64@0.25.1": {
      "integrity": "sha512-xbfUhu/gnvSEg+EGovRc+kjBAkrvtk38RlerAzQxvMzlB4fXpCFCeUAYzJvrnhFtdeyVCDANSjJvOvGYoeKzFA=="
    },
    "@esbuild/netbsd-arm64@0.25.1": {
      "integrity": "sha512-O96poM2XGhLtpTh+s4+nP7YCCAfb4tJNRVZHfIE7dgmax+yMP2WgMd2OecBuaATHKTHsLWHQeuaxMRnCsH8+5g=="
    },
    "@esbuild/netbsd-x64@0.25.1": {
      "integrity": "sha512-X53z6uXip6KFXBQ+Krbx25XHV/NCbzryM6ehOAeAil7X7oa4XIq+394PWGnwaSQ2WRA0KI6PUO6hTO5zeF5ijA=="
    },
    "@esbuild/openbsd-arm64@0.25.1": {
      "integrity": "sha512-Na9T3szbXezdzM/Kfs3GcRQNjHzM6GzFBeU1/6IV/npKP5ORtp9zbQjvkDJ47s6BCgaAZnnnu/cY1x342+MvZg=="
    },
    "@esbuild/openbsd-x64@0.25.1": {
      "integrity": "sha512-T3H78X2h1tszfRSf+txbt5aOp/e7TAz3ptVKu9Oyir3IAOFPGV6O9c2naym5TOriy1l0nNf6a4X5UXRZSGX/dw=="
    },
    "@esbuild/sunos-x64@0.25.1": {
      "integrity": "sha512-2H3RUvcmULO7dIE5EWJH8eubZAI4xw54H1ilJnRNZdeo8dTADEZ21w6J22XBkXqGJbe0+wnNJtw3UXRoLJnFEg=="
    },
    "@esbuild/win32-arm64@0.25.1": {
      "integrity": "sha512-GE7XvrdOzrb+yVKB9KsRMq+7a2U/K5Cf/8grVFRAGJmfADr/e/ODQ134RK2/eeHqYV5eQRFxb1hY7Nr15fv1NQ=="
    },
    "@esbuild/win32-ia32@0.25.1": {
      "integrity": "sha512-uOxSJCIcavSiT6UnBhBzE8wy3n0hOkJsBOzy7HDAuTDE++1DJMRRVCPGisULScHL+a/ZwdXPpXD3IyFKjA7K8A=="
    },
    "@esbuild/win32-x64@0.25.1": {
      "integrity": "sha512-Y1EQdcfwMSeQN/ujR5VayLOJ1BHaK+ssyk0AEzPjC+t1lITgsnccPqFjb6V+LsTp/9Iov4ysfjxLaGJ9RPtkVg=="
    },
    "@floating-ui/core@1.6.9": {
      "integrity": "sha512-uMXCuQ3BItDUbAMhIXw7UPXRfAlOAvZzdK9BWpE60MCn+Svt3aLn9jsPTi/WNGlRUu2uI0v5S7JiIUsbsvh3fw==",
      "dependencies": [
        "@floating-ui/utils"
      ]
    },
    "@floating-ui/dom@1.6.13": {
      "integrity": "sha512-umqzocjDgNRGTuO7Q8CU32dkHkECqI8ZdMZ5Swb6QAM0t5rnlrN3lGo1hdpscRd3WS8T6DKYK4ephgIH9iRh3w==",
      "dependencies": [
        "@floating-ui/core",
        "@floating-ui/utils"
      ]
    },
    "@floating-ui/react-dom@2.1.2_react@19.0.0_react-dom@19.0.0__react@19.0.0": {
      "integrity": "sha512-06okr5cgPzMNBy+Ycse2A6udMi4bqwW/zgBF/rwjcNqWkyr82Mcg8b0vjX8OJpZFy/FKjJmw6wV7t44kK6kW7A==",
      "dependencies": [
        "@floating-ui/dom",
        "react",
        "react-dom"
      ]
    },
    "@floating-ui/react@0.26.28_react@19.0.0_react-dom@19.0.0__react@19.0.0": {
      "integrity": "sha512-yORQuuAtVpiRjpMhdc0wJj06b9JFjrYF4qp96j++v2NBpbi6SEGF7donUJ3TMieerQ6qVkAv1tgr7L4r5roTqw==",
      "dependencies": [
        "@floating-ui/react-dom",
        "@floating-ui/utils",
        "react",
        "react-dom",
        "tabbable"
      ]
    },
    "@floating-ui/utils@0.2.9": {
      "integrity": "sha512-MDWhGtE+eHw5JW7lq4qhc5yRLS11ERl1c7Z6Xd0a58DozHES6EnNNwUWbMiG4J9Cgj053Bhk8zvlhFYKVhULwg=="
    },
    "@mantine/core@7.17.2_@mantine+hooks@7.17.2__react@19.0.0_react@19.0.0_react-dom@19.0.0__react@19.0.0_@types+react@19.0.10": {
      "integrity": "sha512-R6MYhitJ0JEgrhadd31Nw9FhRaQwDHjXUs5YIlitKH/fTOz9gKSxKjzmNng3bEBQCcbEDOkZj3FRcBgTUh/F0Q==",
      "dependencies": [
        "@floating-ui/react",
        "@mantine/hooks",
        "clsx",
        "react",
        "react-dom",
        "react-number-format",
        "react-remove-scroll",
        "react-textarea-autosize",
        "type-fest"
      ]
    },
    "@mantine/dates@7.17.2_@mantine+core@7.17.2__@mantine+hooks@7.17.2___react@19.0.0__react@19.0.0__react-dom@19.0.0___react@19.0.0__@types+react@19.0.10_@mantine+hooks@7.17.2__react@19.0.0_dayjs@1.11.13_react@19.0.0_react-dom@19.0.0__react@19.0.0_@types+react@19.0.10": {
      "integrity": "sha512-7bB992j8f+uEi280jab0/8i5yfsN/3oSrMDFwatZ+7XSDUwiP0YFib/FVX0pNSSqdFpbXhUmsZEECX71QtHw+Q==",
      "dependencies": [
        "@mantine/core",
        "@mantine/hooks",
        "clsx",
        "dayjs",
        "react",
        "react-dom"
      ]
    },
    "@mantine/form@7.17.2_react@19.0.0": {
      "integrity": "sha512-MxZPKXXhaZ7M1ZJOpS2wifhh186DMvNjcXa2bP04Tp9TdvTlbLAJZxKjZkQnGGgt8Atsf6/3gdeJMfG704Km6g==",
      "dependencies": [
        "fast-deep-equal",
        "klona",
        "react"
      ]
    },
    "@mantine/hooks@7.17.2_react@19.0.0": {
      "integrity": "sha512-tbErVcGZu0E4dSmE6N0k6Tv1y9R3SQmmQgwqorcc+guEgKMdamc36lucZGlJnSGUmGj+WLUgELkEQ0asdfYBDA==",
      "dependencies": [
        "react"
      ]
    },
    "@rollup/rollup-android-arm-eabi@4.35.0": {
      "integrity": "sha512-uYQ2WfPaqz5QtVgMxfN6NpLD+no0MYHDBywl7itPYd3K5TjjSghNKmX8ic9S8NU8w81NVhJv/XojcHptRly7qQ=="
    },
    "@rollup/rollup-android-arm64@4.35.0": {
      "integrity": "sha512-FtKddj9XZudurLhdJnBl9fl6BwCJ3ky8riCXjEw3/UIbjmIY58ppWwPEvU3fNu+W7FUsAsB1CdH+7EQE6CXAPA=="
    },
    "@rollup/rollup-darwin-arm64@4.35.0": {
      "integrity": "sha512-Uk+GjOJR6CY844/q6r5DR/6lkPFOw0hjfOIzVx22THJXMxktXG6CbejseJFznU8vHcEBLpiXKY3/6xc+cBm65Q=="
    },
    "@rollup/rollup-darwin-x64@4.35.0": {
      "integrity": "sha512-3IrHjfAS6Vkp+5bISNQnPogRAW5GAV1n+bNCrDwXmfMHbPl5EhTmWtfmwlJxFRUCBZ+tZ/OxDyU08aF6NI/N5Q=="
    },
    "@rollup/rollup-freebsd-arm64@4.35.0": {
      "integrity": "sha512-sxjoD/6F9cDLSELuLNnY0fOrM9WA0KrM0vWm57XhrIMf5FGiN8D0l7fn+bpUeBSU7dCgPV2oX4zHAsAXyHFGcQ=="
    },
    "@rollup/rollup-freebsd-x64@4.35.0": {
      "integrity": "sha512-2mpHCeRuD1u/2kruUiHSsnjWtHjqVbzhBkNVQ1aVD63CcexKVcQGwJ2g5VphOd84GvxfSvnnlEyBtQCE5hxVVw=="
    },
    "@rollup/rollup-linux-arm-gnueabihf@4.35.0": {
      "integrity": "sha512-mrA0v3QMy6ZSvEuLs0dMxcO2LnaCONs1Z73GUDBHWbY8tFFocM6yl7YyMu7rz4zS81NDSqhrUuolyZXGi8TEqg=="
    },
    "@rollup/rollup-linux-arm-musleabihf@4.35.0": {
      "integrity": "sha512-DnYhhzcvTAKNexIql8pFajr0PiDGrIsBYPRvCKlA5ixSS3uwo/CWNZxB09jhIapEIg945KOzcYEAGGSmTSpk7A=="
    },
    "@rollup/rollup-linux-arm64-gnu@4.35.0": {
      "integrity": "sha512-uagpnH2M2g2b5iLsCTZ35CL1FgyuzzJQ8L9VtlJ+FckBXroTwNOaD0z0/UF+k5K3aNQjbm8LIVpxykUOQt1m/A=="
    },
    "@rollup/rollup-linux-arm64-musl@4.35.0": {
      "integrity": "sha512-XQxVOCd6VJeHQA/7YcqyV0/88N6ysSVzRjJ9I9UA/xXpEsjvAgDTgH3wQYz5bmr7SPtVK2TsP2fQ2N9L4ukoUg=="
    },
    "@rollup/rollup-linux-loongarch64-gnu@4.35.0": {
      "integrity": "sha512-5pMT5PzfgwcXEwOaSrqVsz/LvjDZt+vQ8RT/70yhPU06PTuq8WaHhfT1LW+cdD7mW6i/J5/XIkX/1tCAkh1W6g=="
    },
    "@rollup/rollup-linux-powerpc64le-gnu@4.35.0": {
      "integrity": "sha512-c+zkcvbhbXF98f4CtEIP1EBA/lCic5xB0lToneZYvMeKu5Kamq3O8gqrxiYYLzlZH6E3Aq+TSW86E4ay8iD8EA=="
    },
    "@rollup/rollup-linux-riscv64-gnu@4.35.0": {
      "integrity": "sha512-s91fuAHdOwH/Tad2tzTtPX7UZyytHIRR6V4+2IGlV0Cej5rkG0R61SX4l4y9sh0JBibMiploZx3oHKPnQBKe4g=="
    },
    "@rollup/rollup-linux-s390x-gnu@4.35.0": {
      "integrity": "sha512-hQRkPQPLYJZYGP+Hj4fR9dDBMIM7zrzJDWFEMPdTnTy95Ljnv0/4w/ixFw3pTBMEuuEuoqtBINYND4M7ujcuQw=="
    },
    "@rollup/rollup-linux-x64-gnu@4.35.0": {
      "integrity": "sha512-Pim1T8rXOri+0HmV4CdKSGrqcBWX0d1HoPnQ0uw0bdp1aP5SdQVNBy8LjYncvnLgu3fnnCt17xjWGd4cqh8/hA=="
    },
    "@rollup/rollup-linux-x64-musl@4.35.0": {
      "integrity": "sha512-QysqXzYiDvQWfUiTm8XmJNO2zm9yC9P/2Gkrwg2dH9cxotQzunBHYr6jk4SujCTqnfGxduOmQcI7c2ryuW8XVg=="
    },
    "@rollup/rollup-win32-arm64-msvc@4.35.0": {
      "integrity": "sha512-OUOlGqPkVJCdJETKOCEf1mw848ZyJ5w50/rZ/3IBQVdLfR5jk/6Sr5m3iO2tdPgwo0x7VcncYuOvMhBWZq8ayg=="
    },
    "@rollup/rollup-win32-ia32-msvc@4.35.0": {
      "integrity": "sha512-2/lsgejMrtwQe44glq7AFFHLfJBPafpsTa6JvP2NGef/ifOa4KBoglVf7AKN7EV9o32evBPRqfg96fEHzWo5kw=="
    },
    "@rollup/rollup-win32-x64-msvc@4.35.0": {
      "integrity": "sha512-PIQeY5XDkrOysbQblSW7v3l1MDZzkTEzAfTPkj5VAu3FW8fS4ynyLg2sINp0fp3SjZ8xkRYpLqoKcYqAkhU1dw=="
    },
    "@swc/core-darwin-arm64@1.11.9": {
      "integrity": "sha512-moqbPCWG6SHiDMENTDYsEQJ0bFustbLtrdbDbdjnijSyhCyIcm9zKowmovE6MF8JBdOwmLxbuN1Yarq6CrPNlw=="
    },
    "@swc/core-darwin-x64@1.11.9": {
      "integrity": "sha512-/lgMo5l9q6y3jjLM3v30y6SBvuuyLsM/K94hv3hPvDf91N+YlZLw4D7KY0Qknfhj6WytoAcjOIDU6xwBRPyUWg=="
    },
    "@swc/core-linux-arm-gnueabihf@1.11.9": {
      "integrity": "sha512-7bL6z/63If11IpBElQRozIGRadiy6rt3DoUyfGuFIFQKxtnZxzHuLxm1/wrCAGN9iAZxrpHxHP0VbPQvr6Mcjg=="
    },
    "@swc/core-linux-arm64-gnu@1.11.9": {
      "integrity": "sha512-9ArpxjrNbyFTr7gG+toiGbbK2mfS+X97GIruBKPsD8CJH/yJlMknBsX3lfy9h/L119zYVnFBmZDnwsv5yW8/cw=="
    },
    "@swc/core-linux-arm64-musl@1.11.9": {
      "integrity": "sha512-UOnunJWu7T7oNkBr4DLMwXXbldjiwi+JxmqBKrD2+BNiHGu6P5VpqDHiTGuWuLrda0TcTmeNE6gzlIVOVBo/vw=="
    },
    "@swc/core-linux-x64-gnu@1.11.9": {
      "integrity": "sha512-HAqmCkNoNhRusBqSokyylXKsLJ/dr3dnMgBERdUrCIh47L8CKR2qEFUP6FI05sHVB85403ctWnfzBYblcarpqg=="
    },
    "@swc/core-linux-x64-musl@1.11.9": {
      "integrity": "sha512-THwUT2g2qSWUxhi3NGRCEdmh/q7WKl3d5jcN9mz/4jum76Tb46LB9p3oOVPBIcfnFQ9OaddExjCwLoUl0ju2pA=="
    },
    "@swc/core-win32-arm64-msvc@1.11.9": {
      "integrity": "sha512-r4SGD9lR0MM9HSIsQ72BEL3Za3XsuVj+govuXQTlK0mty5gih4L+Qgfnb9PmhjFakK3F63gZyyEr2y8Fj0mN6Q=="
    },
    "@swc/core-win32-ia32-msvc@1.11.9": {
      "integrity": "sha512-jrEh6MDSnhwfpjRlSWd2Bk8pS5EjreQD1YbkNcnXviQf3+H0wSPmeVSktZyoIdkxAuc2suFx8mj7Yja2UXAgUg=="
    },
    "@swc/core-win32-x64-msvc@1.11.9": {
      "integrity": "sha512-oAwuhzr+1Bmb4As2wa3k57/WPJeyVEYRQelwEMYjPgi/h6TH+Y69jQAgKOd+ec1Yl8L5nkWTZMVA/dKDac1bAQ=="
    },
    "@swc/core@1.11.9": {
      "integrity": "sha512-4UQ66FwTkFDr+UzYzRNKQyHMScOrc4zJbTJHyK6dP1yVMrxi5sl0FTzNKiqoYvRZ7j8TAYgtYvvuPSW/XXvp5g==",
      "dependencies": [
        "@swc/core-darwin-arm64",
        "@swc/core-darwin-x64",
        "@swc/core-linux-arm-gnueabihf",
        "@swc/core-linux-arm64-gnu",
        "@swc/core-linux-arm64-musl",
        "@swc/core-linux-x64-gnu",
        "@swc/core-linux-x64-musl",
        "@swc/core-win32-arm64-msvc",
        "@swc/core-win32-ia32-msvc",
        "@swc/core-win32-x64-msvc",
        "@swc/counter",
        "@swc/types"
      ]
    },
    "@swc/counter@0.1.3": {
      "integrity": "sha512-e2BR4lsJkkRlKZ/qCHPw9ZaSxc0MVUd7gtbtaB7aMvHeJVYe8sOB8DBZkP2DtISHGSku9sCK6T6cnY0CtXrOCQ=="
    },
    "@swc/types@0.1.19": {
      "integrity": "sha512-WkAZaAfj44kh/UFdAQcrMP1I0nwRqpt27u+08LMBYMqmQfwwMofYoMh/48NGkMMRfC4ynpfwRbJuu8ErfNloeA==",
      "dependencies": [
        "@swc/counter"
      ]
    },
    "@tabler/icons-react@3.31.0_react@19.0.0": {
      "integrity": "sha512-2rrCM5y/VnaVKnORpDdAua9SEGuJKVqPtWxeQ/vUVsgaUx30LDgBZph7/lterXxDY1IKR6NO//HDhWiifXTi3w==",
      "dependencies": [
        "@tabler/icons",
        "react"
      ]
    },
    "@tabler/icons@3.31.0": {
      "integrity": "sha512-dblAdeKY3+GA1U+Q9eziZ0ooVlZMHsE8dqP0RkwvRtEsAULoKOYaCUOcJ4oW1DjWegdxk++UAt2SlQVnmeHv+g=="
    },
    "@types/cookie@0.6.0": {
      "integrity": "sha512-4Kh9a6B2bQciAhf7FSuMRRkUWecJgJu9nPnx3yzpsfXX/c50REIqpHY4C82bXP90qrLtXtkDxTZosYO3UpOwlA=="
    },
    "@types/estree@1.0.6": {
      "integrity": "sha512-AYnb1nQyY49te+VRAVgmzfcgjYS91mY5P0TKUDCLEM+gNnA+3T6rWITXRLYCpahpqSQbN5cE+gHpnPyXjHWxcw=="
    },
    "@types/node@22.12.0": {
      "integrity": "sha512-Fll2FZ1riMjNmlmJOdAyY5pUbkftXslB5DgEzlIuNaiWhXd00FhWxVC/r4yV/4wBb9JfImTu+jiSvXTkJ7F/gA==",
      "dependencies": [
        "undici-types"
      ]
    },
    "@types/react-dom@19.0.4_@types+react@19.0.10": {
      "integrity": "sha512-4fSQ8vWFkg+TGhePfUzVmat3eC14TXYSsiiDSLI0dVLsrm9gZFABjPy/Qu6TKgl1tq1Bu1yDsuQgY3A3DOjCcg==",
      "dependencies": [
        "@types/react"
      ]
    },
    "@types/react@19.0.10": {
      "integrity": "sha512-JuRQ9KXLEjaUNjTWpzuR231Z2WpIwczOkBEIvbHNCzQefFIT0L8IqE6NV6ULLyC1SI/i234JnDoMkfg+RjQj2g==",
      "dependencies": [
        "csstype"
      ]
    },
    "@vitejs/plugin-react-swc@3.8.0_vite@6.2.2": {
      "integrity": "sha512-T4sHPvS+DIqDP51ifPqa9XIRAz/kIvIi8oXcnOZZgHmMotgmmdxe/DD5tMFlt5nuIRzT0/QuiwmKlH0503Aapw==",
      "dependencies": [
        "@swc/core",
        "vite"
      ]
    },
    "clsx@2.1.1": {
      "integrity": "sha512-eYm0QWBtUrBWZWG0d386OGAw16Z995PiOVo2B7bjWSbHedGl5e0ZWaq65kOGgUSNesEIDkB9ISbTg/JK9dhCZA=="
    },
    "cookie@1.0.2": {
      "integrity": "sha512-9Kr/j4O16ISv8zBBhJoi4bXOYNTkFLOqSL3UDB0njXxCXNezjeyVrJyGOWtgfs/q2km1gwBcfH8q1yEGoMYunA=="
    },
    "csstype@3.1.3": {
      "integrity": "sha512-M1uQkMl8rQK/szD0LNhtqxIPLpimGm8sOBwU7lLnCpSbTyY3yeU1Vc7l4KT5zT4s/yOxHH5O7tIuuLOCnLADRw=="
    },
    "dayjs@1.11.13": {
      "integrity": "sha512-oaMBel6gjolK862uaPQOVTA7q3TZhuSvuMQAAglQDOWYO9A91IrAOUJEyKVlqJlHE0vq5p5UXxzdPfMH/x6xNg=="
    },
    "detect-node-es@1.1.0": {
      "integrity": "sha512-ypdmJU/TbBby2Dxibuv7ZLW3Bs1QEmM7nHjEANfohJLvE0XVujisn1qPJcZxg+qDucsr+bP6fLD1rPS3AhJ7EQ=="
    },
    "esbuild@0.25.1": {
      "integrity": "sha512-BGO5LtrGC7vxnqucAe/rmvKdJllfGaYWdyABvyMoXQlfYMb2bbRuReWR5tEGE//4LcNJj9XrkovTqNYRFZHAMQ==",
      "dependencies": [
        "@esbuild/aix-ppc64",
        "@esbuild/android-arm",
        "@esbuild/android-arm64",
        "@esbuild/android-x64",
        "@esbuild/darwin-arm64",
        "@esbuild/darwin-x64",
        "@esbuild/freebsd-arm64",
        "@esbuild/freebsd-x64",
        "@esbuild/linux-arm",
        "@esbuild/linux-arm64",
        "@esbuild/linux-ia32",
        "@esbuild/linux-loong64",
        "@esbuild/linux-mips64el",
        "@esbuild/linux-ppc64",
        "@esbuild/linux-riscv64",
        "@esbuild/linux-s390x",
        "@esbuild/linux-x64",
        "@esbuild/netbsd-arm64",
        "@esbuild/netbsd-x64",
        "@esbuild/openbsd-arm64",
        "@esbuild/openbsd-x64",
        "@esbuild/sunos-x64",
        "@esbuild/win32-arm64",
        "@esbuild/win32-ia32",
        "@esbuild/win32-x64"
      ]
    },
    "fast-deep-equal@3.1.3": {
      "integrity": "sha512-f3qQ9oQy9j2AhBe/H9VC91wLmKBCCU/gDOnKNAYG5hswO7BLKj09Hc5HYNz9cGI++xlpDCIgDaitVs03ATR84Q=="
    },
    "fsevents@2.3.3": {
      "integrity": "sha512-5xoDfX+fL7faATnagmWPpbFtwh/R77WmMMqqHGS65C3vvB0YHrgF+B1YmZ3441tMj5n63k0212XNoJwzlhffQw=="
    },
    "get-nonce@1.0.1": {
      "integrity": "sha512-FJhYRoDaiatfEkUK8HKlicmu/3SGFD51q3itKDGoSTysQJBnfOcxU5GxnhE1E6soB76MbT0MBtnKJuXyAx+96Q=="
    },
    "klona@2.0.6": {
      "integrity": "sha512-dhG34DXATL5hSxJbIexCft8FChFXtmskoZYnoPWjXQuebWYCNkVeV3KkGegCK9CP1oswI/vQibS2GY7Em/sJJA=="
    },
    "nanoid@3.3.9": {
      "integrity": "sha512-SppoicMGpZvbF1l3z4x7No3OlIjP7QJvC9XR7AhZr1kL133KHnKPztkKDc+Ir4aJ/1VhTySrtKhrsycmrMQfvg=="
    },
    "picocolors@1.1.1": {
      "integrity": "sha512-xceH2snhtb5M9liqDsmEw56le376mTZkEX/jEb/RxNFyegNul7eNslCXP9FDj/Lcu0X8KEyMceP2ntpaHrDEVA=="
    },
    "postcss@8.5.3": {
      "integrity": "sha512-dle9A3yYxlBSrt8Fu+IpjGT8SY8hN0mlaA6GY8t0P5PjIOZemULz/E2Bnm/2dcUOena75OTNkHI76uZBNUUq3A==",
      "dependencies": [
        "nanoid",
        "picocolors",
        "source-map-js"
      ]
    },
    "react-dom@19.0.0_react@19.0.0": {
      "integrity": "sha512-4GV5sHFG0e/0AD4X+ySy6UJd3jVl1iNsNHdpad0qhABJ11twS3TTBnseqsKurKcsNqCEFeGL3uLpVChpIO3QfQ==",
      "dependencies": [
        "react",
        "scheduler"
      ]
    },
    "react-number-format@5.4.3_react@19.0.0_react-dom@19.0.0__react@19.0.0": {
      "integrity": "sha512-VCY5hFg/soBighAoGcdE+GagkJq0230qN6jcS5sp8wQX1qy1fYN/RX7/BXkrs0oyzzwqR8/+eSUrqXbGeywdUQ==",
      "dependencies": [
        "react",
        "react-dom"
      ]
    },
    "react-remove-scroll-bar@2.3.8_@types+react@19.0.10_react@19.0.0": {
      "integrity": "sha512-9r+yi9+mgU33AKcj6IbT9oRCO78WriSj6t/cF8DWBZJ9aOGPOTEDvdUDz1FwKim7QXWwmHqtdHnRJfhAxEG46Q==",
      "dependencies": [
        "@types/react",
        "react",
        "react-style-singleton",
        "tslib"
      ]
    },
    "react-remove-scroll@2.6.3_@types+react@19.0.10_react@19.0.0": {
      "integrity": "sha512-pnAi91oOk8g8ABQKGF5/M9qxmmOPxaAnopyTHYfqYEwJhyFrbbBtHuSgtKEoH0jpcxx5o3hXqH1mNd9/Oi+8iQ==",
      "dependencies": [
        "@types/react",
        "react",
        "react-remove-scroll-bar",
        "react-style-singleton",
        "tslib",
        "use-callback-ref",
        "use-sidecar"
      ]
    },
    "react-router-dom@7.3.0_react@19.0.0_react-dom@19.0.0__react@19.0.0": {
      "integrity": "sha512-z7Q5FTiHGgQfEurX/FBinkOXhWREJIAB2RiU24lvcBa82PxUpwqvs/PAXb9lJyPjTs2jrl6UkLvCZVGJPeNuuQ==",
      "dependencies": [
        "react",
        "react-dom",
        "react-router"
      ]
    },
    "react-router@7.3.0_react@19.0.0_react-dom@19.0.0__react@19.0.0": {
      "integrity": "sha512-466f2W7HIWaNXTKM5nHTqNxLrHTyXybm7R0eBlVSt0k/u55tTCDO194OIx/NrYD4TS5SXKTNekXfT37kMKUjgw==",
      "dependencies": [
        "@types/cookie",
        "cookie",
        "react",
        "react-dom",
        "set-cookie-parser",
        "turbo-stream"
      ]
    },
    "react-style-singleton@2.2.3_@types+react@19.0.10_react@19.0.0": {
      "integrity": "sha512-b6jSvxvVnyptAiLjbkWLE/lOnR4lfTtDAl+eUC7RZy+QQWc6wRzIV2CE6xBuMmDxc2qIihtDCZD5NPOFl7fRBQ==",
      "dependencies": [
        "@types/react",
        "get-nonce",
        "react",
        "tslib"
      ]
    },
    "react-textarea-autosize@8.5.6_react@19.0.0": {
      "integrity": "sha512-aT3ioKXMa8f6zHYGebhbdMD2L00tKeRX1zuVuDx9YQK/JLLRSaSxq3ugECEmUB9z2kvk6bFSIoRHLkkUv0RJiw==",
      "dependencies": [
        "@babel/runtime",
        "react",
        "use-composed-ref",
        "use-latest"
      ]
    },
    "react@19.0.0": {
      "integrity": "sha512-V8AVnmPIICiWpGfm6GLzCR/W5FXLchHop40W4nXBmdlEceh16rCN8O8LNWm5bh5XUX91fh7KpA+W0TgMKmgTpQ=="
    },
    "regenerator-runtime@0.14.1": {
      "integrity": "sha512-dYnhHh0nJoMfnkZs6GmmhFknAGRrLznOu5nc9ML+EJxGvrx6H7teuevqVqCuPcPK//3eDrrjQhehXVx9cnkGdw=="
    },
    "rollup@4.35.0": {
      "integrity": "sha512-kg6oI4g+vc41vePJyO6dHt/yl0Rz3Thv0kJeVQ3D1kS3E5XSuKbPc29G4IpT/Kv1KQwgHVcN+HtyS+HYLNSvQg==",
      "dependencies": [
        "@rollup/rollup-android-arm-eabi",
        "@rollup/rollup-android-arm64",
        "@rollup/rollup-darwin-arm64",
        "@rollup/rollup-darwin-x64",
        "@rollup/rollup-freebsd-arm64",
        "@rollup/rollup-freebsd-x64",
        "@rollup/rollup-linux-arm-gnueabihf",
        "@rollup/rollup-linux-arm-musleabihf",
        "@rollup/rollup-linux-arm64-gnu",
        "@rollup/rollup-linux-arm64-musl",
        "@rollup/rollup-linux-loongarch64-gnu",
        "@rollup/rollup-linux-powerpc64le-gnu",
        "@rollup/rollup-linux-riscv64-gnu",
        "@rollup/rollup-linux-s390x-gnu",
        "@rollup/rollup-linux-x64-gnu",
        "@rollup/rollup-linux-x64-musl",
        "@rollup/rollup-win32-arm64-msvc",
        "@rollup/rollup-win32-ia32-msvc",
        "@rollup/rollup-win32-x64-msvc",
        "@types/estree",
        "fsevents"
      ]
    },
    "scheduler@0.25.0": {
      "integrity": "sha512-xFVuu11jh+xcO7JOAGJNOXld8/TcEHK/4CituBUeUb5hqxJLj9YuemAEuvm9gQ/+pgXYfbQuqAkiYu+u7YEsNA=="
    },
    "set-cookie-parser@2.7.1": {
      "integrity": "sha512-IOc8uWeOZgnb3ptbCURJWNjWUPcO3ZnTTdzsurqERrP6nPyv+paC55vJM0LpOlT2ne+Ix+9+CRG1MNLlyZ4GjQ=="
    },
    "source-map-js@1.2.1": {
      "integrity": "sha512-UXWMKhLOwVKb728IUtQPXxfYU+usdybtUrK/8uGE8CQMvrhOpwvzDBwj0QhSL7MQc7vIsISBG8VQ8+IDQxpfQA=="
    },
    "tabbable@6.2.0": {
      "integrity": "sha512-Cat63mxsVJlzYvN51JmVXIgNoUokrIaT2zLclCXjRd8boZ0004U4KCs/sToJ75C6sdlByWxpYnb5Boif1VSFew=="
    },
    "tslib@2.8.1": {
      "integrity": "sha512-oJFu94HQb+KVduSUQL7wnpmqnfmLsOA/nAh6b6EH0wCEoK0/mPeXU6c3wKDV83MkOuHPRHtSXKKU99IBazS/2w=="
    },
    "turbo-stream@2.4.0": {
      "integrity": "sha512-FHncC10WpBd2eOmGwpmQsWLDoK4cqsA/UT/GqNoaKOQnT8uzhtCbg3EoUDMvqpOSAI0S26mr0rkjzbOO6S3v1g=="
    },
    "type-fest@4.37.0": {
      "integrity": "sha512-S/5/0kFftkq27FPNye0XM1e2NsnoD/3FS+pBmbjmmtLT6I+i344KoOf7pvXreaFsDamWeaJX55nczA1m5PsBDg=="
    },
    "undici-types@6.20.0": {
      "integrity": "sha512-Ny6QZ2Nju20vw1SRHe3d9jVu6gJ+4e3+MMpqu7pqE5HT6WsTSlce++GQmK5UXS8mzV8DSYHrQH+Xrf2jVcuKNg=="
    },
    "use-callback-ref@1.3.3_@types+react@19.0.10_react@19.0.0": {
      "integrity": "sha512-jQL3lRnocaFtu3V00JToYz/4QkNWswxijDaCVNZRiRTO3HQDLsdu1ZtmIUvV4yPp+rvWm5j0y0TG/S61cuijTg==",
      "dependencies": [
        "@types/react",
        "react",
        "tslib"
      ]
    },
    "use-composed-ref@1.4.0_react@19.0.0": {
      "integrity": "sha512-djviaxuOOh7wkj0paeO1Q/4wMZ8Zrnag5H6yBvzN7AKKe8beOaED9SF5/ByLqsku8NP4zQqsvM2u3ew/tJK8/w==",
      "dependencies": [
        "react"
      ]
    },
    "use-isomorphic-layout-effect@1.2.0_react@19.0.0": {
      "integrity": "sha512-q6ayo8DWoPZT0VdG4u3D3uxcgONP3Mevx2i2b0434cwWBoL+aelL1DzkXI6w3PhTZzUeR2kaVlZn70iCiseP6w==",
      "dependencies": [
        "react"
      ]
    },
    "use-latest@1.3.0_react@19.0.0": {
      "integrity": "sha512-mhg3xdm9NaM8q+gLT8KryJPnRFOz1/5XPBhmDEVZK1webPzDjrPk7f/mbpeLqTgB9msytYWANxgALOCJKnLvcQ==",
      "dependencies": [
        "react",
        "use-isomorphic-layout-effect"
      ]
    },
    "use-sidecar@1.1.3_@types+react@19.0.10_react@19.0.0": {
      "integrity": "sha512-Fedw0aZvkhynoPYlA5WXrMCAMm+nSWdZt6lzJQ7Ok8S6Q+VsHmHpRWndVRJ8Be0ZbkfPc5LRYH+5XrzXcEeLRQ==",
      "dependencies": [
        "@types/react",
        "detect-node-es",
        "react",
        "tslib"
      ]
    },
    "vite@6.2.2": {
      "integrity": "sha512-yW7PeMM+LkDzc7CgJuRLMW2Jz0FxMOsVJ8Lv3gpgW9WLcb9cTW+121UEr1hvmfR7w3SegR5ItvYyzVz1vxNJgQ==",
      "dependencies": [
        "esbuild",
        "fsevents",
        "postcss",
        "rollup"
      ]
    }
  },
  "workspace": {
    "dependencies": [
      "npm:@deno/vite-plugin@^1.0.4",
      "npm:@mantine/core@^7.17.2",
      "npm:@mantine/dates@^7.17.2",
      "npm:@mantine/form@^7.17.2",
      "npm:@tabler/icons-react@^3.31.0",
      "npm:@types/react-dom@^19.0.4",
      "npm:@types/react@^19.0.10",
      "npm:@vitejs/plugin-react-swc@^3.8.0",
      "npm:dayjs@^1.11.13",
      "npm:react-dom@19",
      "npm:react-router-dom@^7.3.0",
      "npm:react-router@^7.3.0",
      "npm:react@19",
      "npm:vite@^6.1.1"
    ]
  }
}
